
Microsoft Visual Studio Solution File, Format Version 12.00
# Visual Studio Version 17
VisualStudioVersion = 17.8.34408.163
MinimumVisualStudioVersion = 10.0.40219.1
Project("{9A19103F-16F7-4668-BE54-9A1E7A4F7556}") = "airbnb-clone-BE", "airbnb-clone-BE.csproj", "{63974815-1FF6-436E-BCD8-D82B232A52D8}"
EndProject
Project("{2150E333-8FDC-42A3-9474-1A3956D46DE8}") = "Solution Items", "Solution Items", "{49365202-2B5F-4AA4-A397-F58F6B64CF97}"
	ProjectSection(SolutionItems) = preProject
		README.md = README.md
	EndProjectSection
EndProject
Global
	GlobalSection(SolutionConfigurationPlatforms) = preSolution
		Debug|Any CPU = Debug|Any CPU
		Release|Any CPU = Release|Any CPU
	EndGlobalSection
	GlobalSection(ProjectConfigurationPlatforms) = postSolution
		{63974815-1FF6-436E-BCD8-D82B232A52D8}.Debug|Any CPU.ActiveCfg = Debug|Any CPU
		{63974815-1FF6-436E-BCD8-D82B232A52D8}.Debug|Any CPU.Build.0 = Debug|Any CPU
		{63974815-1FF6-436E-BCD8-D82B232A52D8}.Release|Any CPU.ActiveCfg = Release|Any CPU
		{63974815-1FF6-436E-BCD8-D82B232A52D8}.Release|Any CPU.Build.0 = Release|Any CPU
	EndGlobalSection
	GlobalSection(SolutionProperties) = preSolution
		HideSolutionNode = FALSE
	EndGlobalSection
	GlobalSection(ExtensibilityGlobals) = postSolution
		SolutionGuid = {397BD13A-741F-4A44-92C4-BA1494A938AA}
	EndGlobalSection
EndGlobal
